// !$*UTF8*$!
{
	archiveVersion = 1;
	classes = {
	};
	objectVersion = 56;
	objects = {

/* Begin PBXBuildFile section */
		A9ACE1EE2C5A8290006B2842 /* AppDelegate.swift in Sources */ = {isa = PBXBuildFile; fileRef = A9ACE1ED2C5A8290006B2842 /* AppDelegate.swift */; };
		A9ACE1F02C5A8290006B2842 /* SceneDelegate.swift in Sources */ = {isa = PBXBuildFile; fileRef = A9ACE1EF2C5A8290006B2842 /* SceneDelegate.swift */; };
		A9ACE1F22C5A8290006B2842 /* ViewController.swift in Sources */ = {isa = PBXBuildFile; fileRef = A9ACE1F12C5A8290006B2842 /* ViewController.swift */; };
		A9ACE1F52C5A8290006B2842 /* Main.storyboard in Resources */ = {isa = PBXBuildFile; fileRef = A9ACE1F32C5A8290006B2842 /* Main.storyboard */; };
		A9ACE1F72C5A8292006B2842 /* Assets.xcassets in Resources */ = {isa = PBXBuildFile; fileRef = A9ACE1F62C5A8292006B2842 /* Assets.xcassets */; };
		A9ACE1FA2C5A8292006B2842 /* LaunchScreen.storyboard in Resources */ = {isa = PBXBuildFile; fileRef = A9ACE1F82C5A8292006B2842 /* LaunchScreen.storyboard */; };
		A9ACE2022C5A82B3006B2842 /* CustomSwitch.swift in Sources */ = {isa = PBXBuildFile; fileRef = A9ACE2012C5A82B3006B2842 /* CustomSwitch.swift */; };
		A9ACE2042C5A93D4006B2842 /* UISwich+Extension.swift in Sources */ = {isa = PBXBuildFile; fileRef = A9ACE2032C5A93D4006B2842 /* UISwich+Extension.swift */; };
/* End PBXBuildFile section */

/* Begin PBXFileReference section */
		A9ACE1EA2C5A8290006B2842 /* CustomSwitch.app */ = {isa = PBXFileReference; explicitFileType = wrapper.application; includeInIndex = 0; path = CustomSwitch.app; sourceTree = BUILT_PRODUCTS_DIR; };
		A9ACE1ED2C5A8290006B2842 /* AppDelegate.swift */ = {isa = PBXFileReference; lastKnownFileType = sourcecode.swift; path = AppDelegate.swift; sourceTree = "<group>"; };
		A9ACE1EF2C5A8290006B2842 /* SceneDelegate.swift */ = {isa = PBXFileReference; lastKnownFileType = sourcecode.swift; path = SceneDelegate.swift; sourceTree = "<group>"; };
		A9ACE1F12C5A8290006B2842 /* ViewController.swift */ = {isa = PBXFileReference; lastKnownFileType = sourcecode.swift; path = ViewController.swift; sourceTree = "<group>"; };
		A9ACE1F42C5A8290006B2842 /* Base */ = {isa = PBXFileReference; lastKnownFileType = file.storyboard; name = Base; path = Base.lproj/Main.storyboard; sourceTree = "<group>"; };
		A9ACE1F62C5A8292006B2842 /* Assets.xcassets */ = {isa = PBXFileReference; lastKnownFileType = folder.assetcatalog; path = Assets.xcassets; sourceTree = "<group>"; };
		A9ACE1F92C5A8292006B2842 /* Base */ = {isa = PBXFileReference; lastKnownFileType = file.storyboard; name = Base; path = Base.lproj/LaunchScreen.storyboard; sourceTree = "<group>"; };
		A9ACE1FB2C5A8292006B2842 /* Info.plist */ = {isa = PBXFileReference; lastKnownFileType = text.plist.xml; path = Info.plist; sourceTree = "<group>"; };
		A9ACE2012C5A82B3006B2842 /* CustomSwitch.swift */ = {isa = PBXFileReference; lastKnownFileType = sourcecode.swift; path = CustomSwitch.swift; sourceTree = "<group>"; };
		A9ACE2032C5A93D4006B2842 /* UISwich+Extension.swift */ = {isa = PBXFileReference; lastKnownFileType = sourcecode.swift; path = "UISwich+Extension.swift"; sourceTree = "<group>"; };
/* End PBXFileReference section */

/* Begin PBXFrameworksBuildPhase section */
		A9ACE1E72C5A8290006B2842 /* Frameworks */ = {
			isa = PBXFrameworksBuildPhase;
			buildActionMask = 2147483647;
			files = (
			);
			runOnlyForDeploymentPostprocessing = 0;
		};
/* End PBXFrameworksBuildPhase section */

/* Begin PBXGroup section */
		A9ACE1E12C5A8290006B2842 = {
			isa = PBXGroup;
			children = (
				A9ACE1EC2C5A8290006B2842 /* CustomSwitch */,
				A9ACE1EB2C5A8290006B2842 /* Products */,
			);
			sourceTree = "<group>";
		};
		A9ACE1EB2C5A8290006B2842 /* Products */ = {
			isa = PBXGroup;
			children = (
				A9ACE1EA2C5A8290006B2842 /* CustomSwitch.app */,
			);
			name = Products;
			sourceTree = "<group>";
		};
		A9ACE1EC2C5A8290006B2842 /* CustomSwitch */ = {
			isa = PBXGroup;
			children = (
				A9ACE1ED2C5A8290006B2842 /* AppDelegate.swift */,
				A9ACE1EF2C5A8290006B2842 /* SceneDelegate.swift */,
				A9ACE1F12C5A8290006B2842 /* ViewController.swift */,
				A9ACE2032C5A93D4006B2842 /* UISwich+Extension.swift */,
				A9ACE2012C5A82B3006B2842 /* CustomSwitch.swift */,
				A9ACE1F32C5A8290006B2842 /* Main.storyboard */,
				A9ACE1F62C5A8292006B2842 /* Assets.xcassets */,
				A9ACE1F82C5A8292006B2842 /* LaunchScreen.storyboard */,
				A9ACE1FB2C5A8292006B2842 /* Info.plist */,
			);
			path = CustomSwitch;
			sourceTree = "<group>";
		};
/* End PBXGroup section */

/* Begin PBXNativeTarget section */
		A9ACE1E92C5A8290006B2842 /* CustomSwitch */ = {
			isa = PBXNativeTarget;
			buildConfigurationList = A9ACE1FE2C5A8292006B2842 /* Build configuration list for PBXNativeTarget "CustomSwitch" */;
			buildPhases = (
				A9ACE1E62C5A8290006B2842 /* Sources */,
				A9ACE1E72C5A8290006B2842 /* Frameworks */,
				A9ACE1E82C5A8290006B2842 /* Resources */,
			);
			buildRules = (
			);
			dependencies = (
			);
			name = CustomSwitch;
			productName = CustomSwitch;
			productReference = A9ACE1EA2C5A8290006B2842 /* CustomSwitch.app */;
			productType = "com.apple.product-type.application";
		};
/* End PBXNativeTarget section */

/* Begin PBXProject section */
		A9ACE1E22C5A8290006B2842 /* Project object */ = {
			isa = PBXProject;
			attributes = {
				BuildIndependentTargetsInParallel = 1;
				LastSwiftUpdateCheck = 1520;
				LastUpgradeCheck = 1520;
				TargetAttributes = {
					A9ACE1E92C5A8290006B2842 = {
						CreatedOnToolsVersion = 15.2;
					};
				};
			};
			buildConfigurationList = A9ACE1E52C5A8290006B2842 /* Build configuration list for PBXProject "CustomSwitch" */;
			compatibilityVersion = "Xcode 14.0";
			developmentRegion = en;
			hasScannedForEncodings = 0;
			knownRegions = (
				en,
				Base,
			);
			mainGroup = A9ACE1E12C5A8290006B2842;
			productRefGroup = A9ACE1EB2C5A8290006B2842 /* Products */;
			projectDirPath = "";
			projectRoot = "";
			targets = (
				A9ACE1E92C5A8290006B2842 /* CustomSwitch */,
			);
		};
/* End PBXProject section */

/* Begin PBXResourcesBuildPhase section */
		A9ACE1E82C5A8290006B2842 /* Resources */ = {
			isa = PBXResourcesBuildPhase;
			buildActionMask = 2147483647;
			files = (
				A9ACE1FA2C5A8292006B2842 /* LaunchScreen.storyboard in Resources */,
				A9ACE1F72C5A8292006B2842 /* Assets.xcassets in Resources */,
				A9ACE1F52C5A8290006B2842 /* Main.storyboard in Resources */,
			);
			runOnlyForDeploymentPostprocessing = 0;
		};
/* End PBXResourcesBuildPhase section */

/* Begin PBXSourcesBuildPhase section */
		A9ACE1E62C5A8290006B2842 /* Sources */ = {
			isa = PBXSourcesBuildPhase;
			buildActionMask = 2147483647;
			files = (
				A9ACE1F22C5A8290006B2842 /* ViewController.swift in Sources */,
				A9ACE1EE2C5A8290006B2842 /* AppDelegate.swift in Sources */,
				A9ACE2042C5A93D4006B2842 /* UISwich+Extension.swift in Sources */,
				A9ACE2022C5A82B3006B2842 /* CustomSwitch.swift in Sources */,
				A9ACE1F02C5A8290006B2842 /* SceneDelegate.swift in Sources */,
			);
			runOnlyForDeploymentPostprocessing = 0;
		};
/* End PBXSourcesBuildPhase section */

/* Begin PBXVariantGroup section */
		A9ACE1F32C5A8290006B2842 /* Main.storyboard */ = {
			isa = PBXVariantGroup;
			children = (
				A9ACE1F42C5A8290006B2842 /* Base */,
			);
			name = Main.storyboard;
			sourceTree = "<group>";
		};
		A9ACE1F82C5A8292006B2842 /* LaunchScreen.storyboard */ = {
			isa = PBXVariantGroup;
			children = (
				A9ACE1F92C5A8292006B2842 /* Base */,
			);
			name = LaunchScreen.storyboard;
			sourceTree = "<group>";
		};
/* End PBXVariantGroup section */

/* Begin XCBuildConfiguration section */
		A9ACE1FC2C5A8292006B2842 /* Debug */ = {
			isa = XCBuildConfiguration;
			buildSettings = {
				ALWAYS_SEARCH_USER_PATHS = NO;
				ASSETCATALOG_COMPILER_GENERATE_SWIFT_ASSET_SYMBOL_EXTENSIONS = YES;
				CLANG_ANALYZER_NONNULL = YES;
				CLANG_ANALYZER_NUMBER_OBJECT_CONVERSION = YES_AGGRESSIVE;
				CLANG_CXX_LANGUAGE_STANDARD = "gnu++20";
				CLANG_ENABLE_MODULES = YES;
				CLANG_ENABLE_OBJC_ARC = YES;
				CLANG_ENABLE_OBJC_WEAK = YES;
				CLANG_WARN_BLOCK_CAPTURE_AUTORELEASING = YES;
				CLANG_WARN_BOOL_CONVERSION = YES;
				CLANG_WARN_COMMA = YES;
				CLANG_WARN_CONSTANT_CONVERSION = YES;
				CLANG_WARN_DEPRECATED_OBJC_IMPLEMENTATIONS = YES;
				CLANG_WARN_DIRECT_OBJC_ISA_USAGE = YES_ERROR;
				CLANG_WARN_DOCUMENTATION_COMMENTS = YES;
				CLANG_WARN_EMPTY_BODY = YES;
				CLANG_WARN_ENUM_CONVERSION = YES;
				CLANG_WARN_INFINITE_RECURSION = YES;
				CLANG_WARN_INT_CONVERSION = YES;
				CLANG_WARN_NON_LITERAL_NULL_CONVERSION = YES;
				CLANG_WARN_OBJC_IMPLICIT_RETAIN_SELF = YES;
				CLANG_WARN_OBJC_LITERAL_CONVERSION = YES;
				CLANG_WARN_OBJC_ROOT_CLASS = YES_ERROR;
				CLANG_WARN_QUOTED_INCLUDE_IN_FRAMEWORK_HEADER = YES;
				CLANG_WARN_RANGE_LOOP_ANALYSIS = YES;
				CLANG_WARN_STRICT_PROTOTYPES = YES;
				CLANG_WARN_SUSPICIOUS_MOVE = YES;
				CLANG_WARN_UNGUARDED_AVAILABILITY = YES_AGGRESSIVE;
				CLANG_WARN_UNREACHABLE_CODE = YES;
				CLANG_WARN__DUPLICATE_METHOD_MATCH = YES;
				COPY_PHASE_STRIP = NO;
				DEBUG_INFORMATION_FORMAT = dwarf;
				ENABLE_STRICT_OBJC_MSGSEND = YES;
				ENABLE_TESTABILITY = YES;
				ENABLE_USER_SCRIPT_SANDBOXING = YES;
				GCC_C_LANGUAGE_STANDARD = gnu17;
				GCC_DYNAMIC_NO_PIC = NO;
				GCC_NO_COMMON_BLOCKS = YES;
				GCC_OPTIMIZATION_LEVEL = 0;
				GCC_PREPROCESSOR_DEFINITIONS = (
					"DEBUG=1",
					"$(inherited)",
				);
				GCC_WARN_64_TO_32_BIT_CONVERSION = YES;
				GCC_WARN_ABOUT_RETURN_TYPE = YES_ERROR;
				GCC_WARN_UNDECLARED_SELECTOR = YES;
				GCC_WARN_UNINITIALIZED_AUTOS = YES_AGGRESSIVE;
				GCC_WARN_UNUSED_FUNCTION = YES;
				GCC_WARN_UNUSED_VARIABLE = YES;
				IPHONEOS_DEPLOYMENT_TARGET = 17.2;
				LOCALIZATION_PREFERS_STRING_CATALOGS = YES;
				MTL_ENABLE_DEBUG_INFO = INCLUDE_SOURCE;
				MTL_FAST_MATH = YES;
				ONLY_ACTIVE_ARCH = YES;
				SDKROOT = iphoneos;
				SWIFT_ACTIVE_COMPILATION_CONDITIONS = "DEBUG $(inherited)";
				SWIFT_OPTIMIZATION_LEVEL = "-Onone";
			};
			name = Debug;
		};
		A9ACE1FD2C5A8292006B2842 /* Release */ = {
			isa = XCBuildConfiguration;
			buildSettings = {
				ALWAYS_SEARCH_USER_PATHS = NO;
				ASSETCATALOG_COMPILER_GENERATE_SWIFT_ASSET_SYMBOL_EXTENSIONS = YES;
				CLANG_ANALYZER_NONNULL = YES;
				CLANG_ANALYZER_NUMBER_OBJECT_CONVERSION = YES_AGGRESSIVE;
				CLANG_CXX_LANGUAGE_STANDARD = "gnu++20";
				CLANG_ENABLE_MODULES = YES;
				CLANG_ENABLE_OBJC_ARC = YES;
				CLANG_ENABLE_OBJC_WEAK = YES;
				CLANG_WARN_BLOCK_CAPTURE_AUTORELEASING = YES;
				CLANG_WARN_BOOL_CONVERSION = YES;
				CLANG_WARN_COMMA = YES;
				CLANG_WARN_CONSTANT_CONVERSION = YES;
				CLANG_WARN_DEPRECATED_OBJC_IMPLEMENTATIONS = YES;
				CLANG_WARN_DIRECT_OBJC_ISA_USAGE = YES_ERROR;
				CLANG_WARN_DOCUMENTATION_COMMENTS = YES;
				CLANG_WARN_EMPTY_BODY = YES;
				CLANG_WARN_ENUM_CONVERSION = YES;
				CLANG_WARN_INFINITE_RECURSION = YES;
				CLANG_WARN_INT_CONVERSION = YES;
				CLANG_WARN_NON_LITERAL_NULL_CONVERSION = YES;
				CLANG_WARN_OBJC_IMPLICIT_RETAIN_SELF = YES;
				CLANG_WARN_OBJC_LITERAL_CONVERSION = YES;
				CLANG_WARN_OBJC_ROOT_CLASS = YES_ERROR;
				CLANG_WARN_QUOTED_INCLUDE_IN_FRAMEWORK_HEADER = YES;
				CLANG_WARN_RANGE_LOOP_ANALYSIS = YES;
				CLANG_WARN_STRICT_PROTOTYPES = YES;
				CLANG_WARN_SUSPICIOUS_MOVE = YES;
				CLANG_WARN_UNGUARDED_AVAILABILITY = YES_AGGRESSIVE;
				CLANG_WARN_UNREACHABLE_CODE = YES;
				CLANG_WARN__DUPLICATE_METHOD_MATCH = YES;
				COPY_PHASE_STRIP = NO;
				DEBUG_INFORMATION_FORMAT = "dwarf-with-dsym";
				ENABLE_NS_ASSERTIONS = NO;
				ENABLE_STRICT_OBJC_MSGSEND = YES;
				ENABLE_USER_SCRIPT_SANDBOXING = YES;
				GCC_C_LANGUAGE_STANDARD = gnu17;
				GCC_NO_COMMON_BLOCKS = YES;
				GCC_WARN_64_TO_32_BIT_CONVERSION = YES;
				GCC_WARN_ABOUT_RETURN_TYPE = YES_ERROR;
				GCC_WARN_UNDECLARED_SELECTOR = YES;
				GCC_WARN_UNINITIALIZED_AUTOS = YES_AGGRESSIVE;
				GCC_WARN_UNUSED_FUNCTION = YES;
				GCC_WARN_UNUSED_VARIABLE = YES;
				IPHONEOS_DEPLOYMENT_TARGET = 17.2;
				LOCALIZATION_PREFERS_STRING_CATALOGS = YES;
				MTL_ENABLE_DEBUG_INFO = NO;
				MTL_FAST_MATH = YES;
				SDKROOT = iphoneos;
				SWIFT_COMPILATION_MODE = wholemodule;
				VALIDATE_PRODUCT = YES;
			};
			name = Release;
		};
		A9ACE1FF2C5A8292006B2842 /* Debug */ = {
			isa = XCBuildConfiguration;
			buildSettings = {
				ASSETCATALOG_COMPILER_APPICON_NAME = AppIcon;
				ASSETCATALOG_COMPILER_GLOBAL_ACCENT_COLOR_NAME = AccentColor;
				CODE_SIGN_STYLE = Automatic;
				CURRENT_PROJECT_VERSION = 1;
				GENERATE_INFOPLIST_FILE = YES;
				INFOPLIST_FILE = CustomSwitch/Info.plist;
				INFOPLIST_KEY_UIApplicationSupportsIndirectInputEvents = YES;
				INFOPLIST_KEY_UILaunchStoryboardName = LaunchScreen;
				INFOPLIST_KEY_UIMainStoryboardFile = Main;
				INFOPLIST_KEY_UISupportedInterfaceOrientations_iPad = "UIInterfaceOrientationPortrait UIInterfaceOrientationPortraitUpsideDown UIInterfaceOrientationLandscapeLeft UIInterfaceOrientationLandscapeRight";
				INFOPLIST_KEY_UISupportedInterfaceOrientations_iPhone = "UIInterfaceOrientationPortrait UIInterfaceOrientationLandscapeLeft UIInterfaceOrientationLandscapeRight";
				LD_RUNPATH_SEARCH_PATHS = (
					"$(inherited)",
					"@executable_path/Frameworks",
				);
				MARKETING_VERSION = 1.0;
				PRODUCT_BUNDLE_IDENTIFIER = engy.CustomSwitch;
				PRODUCT_NAME = "$(TARGET_NAME)";
				SWIFT_EMIT_LOC_STRINGS = YES;
				SWIFT_VERSION = 5.0;
				TARGETED_DEVICE_FAMILY = "1,2";
			};
			name = Debug;
		};
		A9ACE2002C5A8292006B2842 /* Release */ = {
			isa = XCBuildConfiguration;
			buildSettings = {
				ASSETCATALOG_COMPILER_APPICON_NAME = AppIcon;
				ASSETCATALOG_COMPILER_GLOBAL_ACCENT_COLOR_NAME = AccentColor;
				CODE_SIGN_STYLE = Automatic;
				CURRENT_PROJECT_VERSION = 1;
				GENERATE_INFOPLIST_FILE = YES;
				INFOPLIST_FILE = CustomSwitch/Info.plist;
				INFOPLIST_KEY_UIApplicationSupportsIndirectInputEvents = YES;
				INFOPLIST_KEY_UILaunchStoryboardName = LaunchScreen;
				INFOPLIST_KEY_UIMainStoryboardFile = Main;
				INFOPLIST_KEY_UISupportedInterfaceOrientations_iPad = "UIInterfaceOrientationPortrait UIInterfaceOrientationPortraitUpsideDown UIInterfaceOrientationLandscapeLeft UIInterfaceOrientationLandscapeRight";
				INFOPLIST_KEY_UISupportedInterfaceOrientations_iPhone = "UIInterfaceOrientationPortrait UIInterfaceOrientationLandscapeLeft UIInterfaceOrientationLandscapeRight";
				LD_RUNPATH_SEARCH_PATHS = (
					"$(inherited)",
					"@executable_path/Frameworks",
				);
				MARKETING_VERSION = 1.0;
				PRODUCT_BUNDLE_IDENTIFIER = engy.CustomSwitch;
				PRODUCT_NAME = "$(TARGET_NAME)";
				SWIFT_EMIT_LOC_STRINGS = YES;
				SWIFT_VERSION = 5.0;
				TARGETED_DEVICE_FAMILY = "1,2";
			};
			name = Release;
		};
/* End XCBuildConfiguration section */

/* Begin XCConfigurationList section */
		A9ACE1E52C5A8290006B2842 /* Build configuration list for PBXProject "CustomSwitch" */ = {
			isa = XCConfigurationList;
			buildConfigurations = (
				A9ACE1FC2C5A8292006B2842 /* Debug */,
				A9ACE1FD2C5A8292006B2842 /* Release */,
			);
			defaultConfigurationIsVisible = 0;
			defaultConfigurationName = Release;
		};
		A9ACE1FE2C5A8292006B2842 /* Build configuration list for PBXNativeTarget "CustomSwitch" */ = {
			isa = XCConfigurationList;
			buildConfigurations = (
				A9ACE1FF2C5A8292006B2842 /* Debug */,
				A9ACE2002C5A8292006B2842 /* Release */,
			);
			defaultConfigurationIsVisible = 0;
			defaultConfigurationName = Release;
		};
/* End XCConfigurationList section */
	};
	rootObject = A9ACE1E22C5A8290006B2842 /* Project object */;
}
